
Microsoft Visual Studio Solution File, Format Version 12.00
# Visual Studio Version 17
VisualStudioVersion = 17.10.35004.147
MinimumVisualStudioVersion = 10.0.40219.1
Project("{9A19103F-16F7-4668-BE54-9A1E7A4F7556}") = "MauiBlogUdla", "MauiBlogUdla\MauiBlogUdla.csproj", "{90C0006F-6664-41BD-91B5-F011347623FF}"
EndProject
Global
	GlobalSection(SolutionConfigurationPlatforms) = preSolution
		Debug|Any CPU = Debug|Any CPU
		Release|Any CPU = Release|Any CPU
	EndGlobalSection
	GlobalSection(ProjectConfigurationPlatforms) = postSolution
		{90C0006F-6664-41BD-91B5-F011347623FF}.Debug|Any CPU.ActiveCfg = Debug|Any CPU
		{90C0006F-6664-41BD-91B5-F011347623FF}.Debug|Any CPU.Build.0 = Debug|Any CPU
		{90C0006F-6664-41BD-91B5-F011347623FF}.Debug|Any CPU.Deploy.0 = Debug|Any CPU
		{90C0006F-6664-41BD-91B5-F011347623FF}.Release|Any CPU.ActiveCfg = Release|Any CPU
		{90C0006F-6664-41BD-91B5-F011347623FF}.Release|Any CPU.Build.0 = Release|Any CPU
		{90C0006F-6664-41BD-91B5-F011347623FF}.Release|Any CPU.Deploy.0 = Release|Any CPU
	EndGlobalSection
	GlobalSection(SolutionProperties) = preSolution
		HideSolutionNode = FALSE
	EndGlobalSection
	GlobalSection(ExtensibilityGlobals) = postSolution
		SolutionGuid = {6B365345-D351-4F6F-A39D-74A43152E1E2}
	EndGlobalSection
EndGlobal
